
Microsoft Visual Studio Solution File, Format Version 12.00
# Visual Studio Version 17
VisualStudioVersion = 17.12.35527.113 d17.12
MinimumVisualStudioVersion = 10.0.40219.1
Project("{FAE04EC0-301F-11D3-BF4B-00C04F79EFBC}") = "AssetManagementSystem.PL", "AssetManagementSystem.PL.csproj", "{FEB758BE-11F0-4BD2-B7FB-6507C50339B3}"
EndProject
Project("{FAE04EC0-301F-11D3-BF4B-00C04F79EFBC}") = "AssetManagementSystem.DAL", "..\AssetManagementSystem.DAL\AssetManagementSystem.DAL.csproj", "{AD10B19B-2D77-44AF-A7AC-B5D356A6FAA9}"
EndProject
Project("{FAE04EC0-301F-11D3-BF4B-00C04F79EFBC}") = "AssetManagementSystem.BLL", "..\AssetManagementSystem.BLL\AssetManagementSystem.BLL.csproj", "{39FA01D4-3514-4F01-B321-E22477DC30AF}"
EndProject
Global
	GlobalSection(SolutionConfigurationPlatforms) = preSolution
		Debug|Any CPU = Debug|Any CPU
		Release|Any CPU = Release|Any CPU
	EndGlobalSection
	GlobalSection(ProjectConfigurationPlatforms) = postSolution
		{FEB758BE-11F0-4BD2-B7FB-6507C50339B3}.Debug|Any CPU.ActiveCfg = Debug|Any CPU
		{FEB758BE-11F0-4BD2-B7FB-6507C50339B3}.Debug|Any CPU.Build.0 = Debug|Any CPU
		{FEB758BE-11F0-4BD2-B7FB-6507C50339B3}.Release|Any CPU.ActiveCfg = Release|Any CPU
		{FEB758BE-11F0-4BD2-B7FB-6507C50339B3}.Release|Any CPU.Build.0 = Release|Any CPU
		{AD10B19B-2D77-44AF-A7AC-B5D356A6FAA9}.Debug|Any CPU.ActiveCfg = Debug|Any CPU
		{AD10B19B-2D77-44AF-A7AC-B5D356A6FAA9}.Debug|Any CPU.Build.0 = Debug|Any CPU
		{AD10B19B-2D77-44AF-A7AC-B5D356A6FAA9}.Release|Any CPU.ActiveCfg = Release|Any CPU
		{AD10B19B-2D77-44AF-A7AC-B5D356A6FAA9}.Release|Any CPU.Build.0 = Release|Any CPU
		{39FA01D4-3514-4F01-B321-E22477DC30AF}.Debug|Any CPU.ActiveCfg = Debug|Any CPU
		{39FA01D4-3514-4F01-B321-E22477DC30AF}.Debug|Any CPU.Build.0 = Debug|Any CPU
		{39FA01D4-3514-4F01-B321-E22477DC30AF}.Release|Any CPU.ActiveCfg = Release|Any CPU
		{39FA01D4-3514-4F01-B321-E22477DC30AF}.Release|Any CPU.Build.0 = Release|Any CPU
	EndGlobalSection
	GlobalSection(SolutionProperties) = preSolution
		HideSolutionNode = FALSE
	EndGlobalSection
EndGlobal
